{
    "name": "@nger/di",
    "version": "1.5.8",
    "lockfileVersion": 1,
    "requires": true,
    "dependencies": {
        "@nger/decorator": {
            "version": "1.1.12",
            "resolved": "https://registry.npmjs.org/@nger/decorator/-/decorator-1.1.12.tgz",
            "integrity": "sha512-0jOQBEZmG6S5zh1kiaiIIJ90FMKRDfxGyYvjgkn0RMT6SuccOYvkOZkQAaF15rbO1vA5HgMlSfJw6j3ZPrBvSg==",
            "requires": {
                "reflect-metadata": "^0.1.13"
            }
        },
        "reflect-metadata": {
            "version": "0.1.13",
            "resolved": "https://registry.npmjs.org/reflect-metadata/-/reflect-metadata-0.1.13.tgz",
            "integrity": "sha512-Ts1Y/anZELhSsjMcU605fU9RE4Oi3p5ORujwbIKXfWa+0Zxs510Qrmrce5/Jowq3cHSZSJqBjypxmHarc+vEWg=="
        }
    }
}
