# THIS IS AN AUTOGENERATED FILE. DO NOT EDIT THIS FILE DIRECTLY.
# yarn lockfile v1


"@nger/decorator@^1.1.4":
  version "1.1.4"
  resolved "https://registry.yarnpkg.com/@nger/decorator/-/decorator-1.1.4.tgz#098f3a3409c2c745f4a45f52b74c45cd95d80f70"
  integrity sha512-hgnBpHg+n6BJWKP/yirXwek7U4GDbRf7gdlL9jpnbRRu9NvxmzLiJnH0RkonOjmKnOOHIsy1Mrw5emTPWH4/rw==
  dependencies:
    reflect-metadata "^0.1.13"

reflect-metadata@^0.1.13:
  version "0.1.13"
  resolved "https://registry.yarnpkg.com/reflect-metadata/-/reflect-metadata-0.1.13.tgz#67ae3ca57c972a2aa1642b10fe363fe32d49dc08"
  integrity sha512-Ts1Y/anZELhSsjMcU605fU9RE4Oi3p5ORujwbIKXfWa+0Zxs510Qrmrce5/Jowq3cHSZSJqBjypxmHarc+vEWg==
